
Microsoft Visual Studio Solution File, Format Version 12.00
# Visual Studio Version 16
VisualStudioVersion = 16.0.30225.117
MinimumVisualStudioVersion = 10.0.40219.1
Project("{FAE04EC0-301F-11D3-BF4B-00C04F79EFBC}") = "WindowsFormsApp63", "WindowsFormsApp63\WindowsFormsApp63.csproj", "{384DC466-9A90-4C20-833C-DE7F380AB222}"
EndProject
Global
	GlobalSection(SolutionConfigurationPlatforms) = preSolution
		Debug|Any CPU = Debug|Any CPU
		Release|Any CPU = Release|Any CPU
	EndGlobalSection
	GlobalSection(ProjectConfigurationPlatforms) = postSolution
		{384DC466-9A90-4C20-833C-DE7F380AB222}.Debug|Any CPU.ActiveCfg = Debug|Any CPU
		{384DC466-9A90-4C20-833C-DE7F380AB222}.Debug|Any CPU.Build.0 = Debug|Any CPU
		{384DC466-9A90-4C20-833C-DE7F380AB222}.Release|Any CPU.ActiveCfg = Release|Any CPU
		{384DC466-9A90-4C20-833C-DE7F380AB222}.Release|Any CPU.Build.0 = Release|Any CPU
	EndGlobalSection
	GlobalSection(SolutionProperties) = preSolution
		HideSolutionNode = FALSE
	EndGlobalSection
	GlobalSection(ExtensibilityGlobals) = postSolution
		SolutionGuid = {AC089656-FFEE-4B59-AD27-1E1E90BC3927}
	EndGlobalSection
EndGlobal
